// !$*UTF8*$!
{
	archiveVersion = 1;
	classes = {
	};
	objectVersion = 77;
	objects = {

/* Begin PBXBuildFile section */
		A9A49D3D2F019555001D2B77 /* README.md in Resources */ = {isa = PBXBuildFile; fileRef = A9A49D3C2F019555001D2B77 /* README.md */; };
		A9A49D412F0195D5001D2B77 /* .gitignore in Resources */ = {isa = PBXBuildFile; fileRef = A9A49D402F0195D5001D2B77 /* .gitignore */; };
/* End PBXBuildFile section */

/* Begin PBXContainerItemProxy section */
		A9A49D142F0189FF001D2B77 /* PBXContainerItemProxy */ = {
			isa = PBXContainerItemProxy;
			containerPortal = A9A49CFE2F0189FE001D2B77 /* Project object */;
			proxyType = 1;
			remoteGlobalIDString = A9A49D052F0189FE001D2B77;
			remoteInfo = Ghibli;
		};
		A9A49D1E2F0189FF001D2B77 /* PBXContainerItemProxy */ = {
			isa = PBXContainerItemProxy;
			containerPortal = A9A49CFE2F0189FE001D2B77 /* Project object */;
			proxyType = 1;
			remoteGlobalIDString = A9A49D052F0189FE001D2B77;
			remoteInfo = Ghibli;
		};
/* End PBXContainerItemProxy section */

/* Begin PBXFileReference section */
		A9A49D062F0189FE001D2B77 /* Ghibli.app */ = {isa = PBXFileReference; explicitFileType = wrapper.application; includeInIndex = 0; path = Ghibli.app; sourceTree = BUILT_PRODUCTS_DIR; };
		A9A49D132F0189FF001D2B77 /* GhibliTests.xctest */ = {isa = PBXFileReference; explicitFileType = wrapper.cfbundle; includeInIndex = 0; path = GhibliTests.xctest; sourceTree = BUILT_PRODUCTS_DIR; };
		A9A49D1D2F0189FF001D2B77 /* GhibliUITests.xctest */ = {isa = PBXFileReference; explicitFileType = wrapper.cfbundle; includeInIndex = 0; path = GhibliUITests.xctest; sourceTree = BUILT_PRODUCTS_DIR; };
		A9A49D3C2F019555001D2B77 /* README.md */ = {isa = PBXFileReference; lastKnownFileType = net.daringfireball.markdown; path = README.md; sourceTree = "<group>"; };
		A9A49D402F0195D5001D2B77 /* .gitignore */ = {isa = PBXFileReference; lastKnownFileType = text; path = .gitignore; sourceTree = "<group>"; };
/* End PBXFileReference section */

/* Begin PBXFileSystemSynchronizedRootGroup section */
		A9A49D082F0189FE001D2B77 /* Ghibli */ = {
			isa = PBXFileSystemSynchronizedRootGroup;
			path = Ghibli;
			sourceTree = "<group>";
		};
		A9A49D162F0189FF001D2B77 /* GhibliTests */ = {
			isa = PBXFileSystemSynchronizedRootGroup;
			path = GhibliTests;
			sourceTree = "<group>";
		};
		A9A49D202F0189FF001D2B77 /* GhibliUITests */ = {
			isa = PBXFileSystemSynchronizedRootGroup;
			path = GhibliUITests;
			sourceTree = "<group>";
		};
/* End PBXFileSystemSynchronizedRootGroup section */

/* Begin PBXFrameworksBuildPhase section */
		A9A49D032F0189FE001D2B77 /* Frameworks */ = {
			isa = PBXFrameworksBuildPhase;
			buildActionMask = 2147483647;
			files = (
			);
			runOnlyForDeploymentPostprocessing = 0;
		};
		A9A49D102F0189FF001D2B77 /* Frameworks */ = {
			isa = PBXFrameworksBuildPhase;
			buildActionMask = 2147483647;
			files = (
			);
			runOnlyForDeploymentPostprocessing = 0;
		};
		A9A49D1A2F0189FF001D2B77 /* Frameworks */ = {
			isa = PBXFrameworksBuildPhase;
			buildActionMask = 2147483647;
			files = (
			);
			runOnlyForDeploymentPostprocessing = 0;
		};
/* End PBXFrameworksBuildPhase section */

/* Begin PBXGroup section */
		A9A49CFD2F0189FE001D2B77 = {
			isa = PBXGroup;
			children = (
				A9A49D402F0195D5001D2B77 /* .gitignore */,
				A9A49D3C2F019555001D2B77 /* README.md */,
				A9A49D082F0189FE001D2B77 /* Ghibli */,
				A9A49D162F0189FF001D2B77 /* GhibliTests */,
				A9A49D202F0189FF001D2B77 /* GhibliUITests */,
				A9A49D072F0189FE001D2B77 /* Products */,
			);
			sourceTree = "<group>";
		};
		A9A49D072F0189FE001D2B77 /* Products */ = {
			isa = PBXGroup;
			children = (
				A9A49D062F0189FE001D2B77 /* Ghibli.app */,
				A9A49D132F0189FF001D2B77 /* GhibliTests.xctest */,
				A9A49D1D2F0189FF001D2B77 /* GhibliUITests.xctest */,
			);
			name = Products;
			sourceTree = "<group>";
		};
/* End PBXGroup section */

/* Begin PBXNativeTarget section */
		A9A49D052F0189FE001D2B77 /* Ghibli */ = {
			isa = PBXNativeTarget;
			buildConfigurationList = A9A49D272F0189FF001D2B77 /* Build configuration list for PBXNativeTarget "Ghibli" */;
			buildPhases = (
				A9A49D022F0189FE001D2B77 /* Sources */,
				A9A49D032F0189FE001D2B77 /* Frameworks */,
				A9A49D042F0189FE001D2B77 /* Resources */,
			);
			buildRules = (
			);
			dependencies = (
			);
			fileSystemSynchronizedGroups = (
				A9A49D082F0189FE001D2B77 /* Ghibli */,
			);
			name = Ghibli;
			packageProductDependencies = (
			);
			productName = Ghibli;
			productReference = A9A49D062F0189FE001D2B77 /* Ghibli.app */;
			productType = "com.apple.product-type.application";
		};
		A9A49D122F0189FF001D2B77 /* GhibliTests */ = {
			isa = PBXNativeTarget;
			buildConfigurationList = A9A49D2A2F0189FF001D2B77 /* Build configuration list for PBXNativeTarget "GhibliTests" */;
			buildPhases = (
				A9A49D0F2F0189FF001D2B77 /* Sources */,
				A9A49D102F0189FF001D2B77 /* Frameworks */,
				A9A49D112F0189FF001D2B77 /* Resources */,
			);
			buildRules = (
			);
			dependencies = (
				A9A49D152F0189FF001D2B77 /* PBXTargetDependency */,
			);
			fileSystemSynchronizedGroups = (
				A9A49D162F0189FF001D2B77 /* GhibliTests */,
			);
			name = GhibliTests;
			packageProductDependencies = (
			);
			productName = GhibliTests;
			productReference = A9A49D132F0189FF001D2B77 /* GhibliTests.xctest */;
			productType = "com.apple.product-type.bundle.unit-test";
		};
		A9A49D1C2F0189FF001D2B77 /* GhibliUITests */ = {
			isa = PBXNativeTarget;
			buildConfigurationList = A9A49D2D2F0189FF001D2B77 /* Build configuration list for PBXNativeTarget "GhibliUITests" */;
			buildPhases = (
				A9A49D192F0189FF001D2B77 /* Sources */,
				A9A49D1A2F0189FF001D2B77 /* Frameworks */,
				A9A49D1B2F0189FF001D2B77 /* Resources */,
			);
			buildRules = (
			);
			dependencies = (
				A9A49D1F2F0189FF001D2B77 /* PBXTargetDependency */,
			);
			fileSystemSynchronizedGroups = (
				A9A49D202F0189FF001D2B77 /* GhibliUITests */,
			);
			name = GhibliUITests;
			packageProductDependencies = (
			);
			productName = GhibliUITests;
			productReference = A9A49D1D2F0189FF001D2B77 /* GhibliUITests.xctest */;
			productType = "com.apple.product-type.bundle.ui-testing";
		};
/* End PBXNativeTarget section */

/* Begin PBXProject section */
		A9A49CFE2F0189FE001D2B77 /* Project object */ = {
			isa = PBXProject;
			attributes = {
				BuildIndependentTargetsInParallel = 1;
				LastSwiftUpdateCheck = 2620;
				LastUpgradeCheck = 2620;
				TargetAttributes = {
					A9A49D052F0189FE001D2B77 = {
						CreatedOnToolsVersion = 26.2;
					};
					A9A49D122F0189FF001D2B77 = {
						CreatedOnToolsVersion = 26.2;
						TestTargetID = A9A49D052F0189FE001D2B77;
					};
					A9A49D1C2F0189FF001D2B77 = {
						CreatedOnToolsVersion = 26.2;
						TestTargetID = A9A49D052F0189FE001D2B77;
					};
				};
			};
			buildConfigurationList = A9A49D012F0189FE001D2B77 /* Build configuration list for PBXProject "Ghibli" */;
			developmentRegion = en;
			hasScannedForEncodings = 0;
			knownRegions = (
				en,
				Base,
			);
			mainGroup = A9A49CFD2F0189FE001D2B77;
			minimizedProjectReferenceProxies = 1;
			preferredProjectObjectVersion = 77;
			productRefGroup = A9A49D072F0189FE001D2B77 /* Products */;
			projectDirPath = "";
			projectRoot = "";
			targets = (
				A9A49D052F0189FE001D2B77 /* Ghibli */,
				A9A49D122F0189FF001D2B77 /* GhibliTests */,
				A9A49D1C2F0189FF001D2B77 /* GhibliUITests */,
			);
		};
/* End PBXProject section */

/* Begin PBXResourcesBuildPhase section */
		A9A49D042F0189FE001D2B77 /* Resources */ = {
			isa = PBXResourcesBuildPhase;
			buildActionMask = 2147483647;
			files = (
				A9A49D412F0195D5001D2B77 /* .gitignore in Resources */,
				A9A49D3D2F019555001D2B77 /* README.md in Resources */,
			);
			runOnlyForDeploymentPostprocessing = 0;
		};
		A9A49D112F0189FF001D2B77 /* Resources */ = {
			isa = PBXResourcesBuildPhase;
			buildActionMask = 2147483647;
			files = (
			);
			runOnlyForDeploymentPostprocessing = 0;
		};
		A9A49D1B2F0189FF001D2B77 /* Resources */ = {
			isa = PBXResourcesBuildPhase;
			buildActionMask = 2147483647;
			files = (
			);
			runOnlyForDeploymentPostprocessing = 0;
		};
/* End PBXResourcesBuildPhase section */

/* Begin PBXSourcesBuildPhase section */
		A9A49D022F0189FE001D2B77 /* Sources */ = {
			isa = PBXSourcesBuildPhase;
			buildActionMask = 2147483647;
			files = (
			);
			runOnlyForDeploymentPostprocessing = 0;
		};
		A9A49D0F2F0189FF001D2B77 /* Sources */ = {
			isa = PBXSourcesBuildPhase;
			buildActionMask = 2147483647;
			files = (
			);
			runOnlyForDeploymentPostprocessing = 0;
		};
		A9A49D192F0189FF001D2B77 /* Sources */ = {
			isa = PBXSourcesBuildPhase;
			buildActionMask = 2147483647;
			files = (
			);
			runOnlyForDeploymentPostprocessing = 0;
		};
/* End PBXSourcesBuildPhase section */

/* Begin PBXTargetDependency section */
		A9A49D152F0189FF001D2B77 /* PBXTargetDependency */ = {
			isa = PBXTargetDependency;
			target = A9A49D052F0189FE001D2B77 /* Ghibli */;
			targetProxy = A9A49D142F0189FF001D2B77 /* PBXContainerItemProxy */;
		};
		A9A49D1F2F0189FF001D2B77 /* PBXTargetDependency */ = {
			isa = PBXTargetDependency;
			target = A9A49D052F0189FE001D2B77 /* Ghibli */;
			targetProxy = A9A49D1E2F0189FF001D2B77 /* PBXContainerItemProxy */;
		};
/* End PBXTargetDependency section */

/* Begin XCBuildConfiguration section */
		A9A49D252F0189FF001D2B77 /* Debug */ = {
			isa = XCBuildConfiguration;
			buildSettings = {
				ALWAYS_SEARCH_USER_PATHS = NO;
				ASSETCATALOG_COMPILER_GENERATE_SWIFT_ASSET_SYMBOL_EXTENSIONS = YES;
				CLANG_ANALYZER_NONNULL = YES;
				CLANG_ANALYZER_NUMBER_OBJECT_CONVERSION = YES_AGGRESSIVE;
				CLANG_CXX_LANGUAGE_STANDARD = "gnu++20";
				CLANG_ENABLE_MODULES = YES;
				CLANG_ENABLE_OBJC_ARC = YES;
				CLANG_ENABLE_OBJC_WEAK = YES;
				CLANG_WARN_BLOCK_CAPTURE_AUTORELEASING = YES;
				CLANG_WARN_BOOL_CONVERSION = YES;
				CLANG_WARN_COMMA = YES;
				CLANG_WARN_CONSTANT_CONVERSION = YES;
				CLANG_WARN_DEPRECATED_OBJC_IMPLEMENTATIONS = YES;
				CLANG_WARN_DIRECT_OBJC_ISA_USAGE = YES_ERROR;
				CLANG_WARN_DOCUMENTATION_COMMENTS = YES;
				CLANG_WARN_EMPTY_BODY = YES;
				CLANG_WARN_ENUM_CONVERSION = YES;
				CLANG_WARN_INFINITE_RECURSION = YES;
				CLANG_WARN_INT_CONVERSION = YES;
				CLANG_WARN_NON_LITERAL_NULL_CONVERSION = YES;
				CLANG_WARN_OBJC_IMPLICIT_RETAIN_SELF = YES;
				CLANG_WARN_OBJC_LITERAL_CONVERSION = YES;
				CLANG_WARN_OBJC_ROOT_CLASS = YES_ERROR;
				CLANG_WARN_QUOTED_INCLUDE_IN_FRAMEWORK_HEADER = YES;
				CLANG_WARN_RANGE_LOOP_ANALYSIS = YES;
				CLANG_WARN_STRICT_PROTOTYPES = YES;
				CLANG_WARN_SUSPICIOUS_MOVE = YES;
				CLANG_WARN_UNGUARDED_AVAILABILITY = YES_AGGRESSIVE;
				CLANG_WARN_UNREACHABLE_CODE = YES;
				CLANG_WARN__DUPLICATE_METHOD_MATCH = YES;
				COPY_PHASE_STRIP = NO;
				DEBUG_INFORMATION_FORMAT = dwarf;
				DEVELOPMENT_TEAM = 3G34T24X5S;
				ENABLE_STRICT_OBJC_MSGSEND = YES;
				ENABLE_TESTABILITY = YES;
				ENABLE_USER_SCRIPT_SANDBOXING = YES;
				GCC_C_LANGUAGE_STANDARD = gnu17;
				GCC_DYNAMIC_NO_PIC = NO;
				GCC_NO_COMMON_BLOCKS = YES;
				GCC_OPTIMIZATION_LEVEL = 0;
				GCC_PREPROCESSOR_DEFINITIONS = (
					"DEBUG=1",
					"$(inherited)",
				);
				GCC_WARN_64_TO_32_BIT_CONVERSION = YES;
				GCC_WARN_ABOUT_RETURN_TYPE = YES_ERROR;
				GCC_WARN_UNDECLARED_SELECTOR = YES;
				GCC_WARN_UNINITIALIZED_AUTOS = YES_AGGRESSIVE;
				GCC_WARN_UNUSED_FUNCTION = YES;
				GCC_WARN_UNUSED_VARIABLE = YES;
				IPHONEOS_DEPLOYMENT_TARGET = 26.2;
				LOCALIZATION_PREFERS_STRING_CATALOGS = YES;
				MTL_ENABLE_DEBUG_INFO = INCLUDE_SOURCE;
				MTL_FAST_MATH = YES;
				ONLY_ACTIVE_ARCH = YES;
				SDKROOT = iphoneos;
				SWIFT_ACTIVE_COMPILATION_CONDITIONS = "DEBUG $(inherited)";
				SWIFT_OPTIMIZATION_LEVEL = "-Onone";
			};
			name = Debug;
		};
		A9A49D262F0189FF001D2B77 /* Release */ = {
			isa = XCBuildConfiguration;
			buildSettings = {
				ALWAYS_SEARCH_USER_PATHS = NO;
				ASSETCATALOG_COMPILER_GENERATE_SWIFT_ASSET_SYMBOL_EXTENSIONS = YES;
				CLANG_ANALYZER_NONNULL = YES;
				CLANG_ANALYZER_NUMBER_OBJECT_CONVERSION = YES_AGGRESSIVE;
				CLANG_CXX_LANGUAGE_STANDARD = "gnu++20";
				CLANG_ENABLE_MODULES = YES;
				CLANG_ENABLE_OBJC_ARC = YES;
				CLANG_ENABLE_OBJC_WEAK = YES;
				CLANG_WARN_BLOCK_CAPTURE_AUTORELEASING = YES;
				CLANG_WARN_BOOL_CONVERSION = YES;
				CLANG_WARN_COMMA = YES;
				CLANG_WARN_CONSTANT_CONVERSION = YES;
				CLANG_WARN_DEPRECATED_OBJC_IMPLEMENTATIONS = YES;
				CLANG_WARN_DIRECT_OBJC_ISA_USAGE = YES_ERROR;
				CLANG_WARN_DOCUMENTATION_COMMENTS = YES;
				CLANG_WARN_EMPTY_BODY = YES;
				CLANG_WARN_ENUM_CONVERSION = YES;
				CLANG_WARN_INFINITE_RECURSION = YES;
				CLANG_WARN_INT_CONVERSION = YES;
				CLANG_WARN_NON_LITERAL_NULL_CONVERSION = YES;
				CLANG_WARN_OBJC_IMPLICIT_RETAIN_SELF = YES;
				CLANG_WARN_OBJC_LITERAL_CONVERSION = YES;
				CLANG_WARN_OBJC_ROOT_CLASS = YES_ERROR;
				CLANG_WARN_QUOTED_INCLUDE_IN_FRAMEWORK_HEADER = YES;
				CLANG_WARN_RANGE_LOOP_ANALYSIS = YES;
				CLANG_WARN_STRICT_PROTOTYPES = YES;
				CLANG_WARN_SUSPICIOUS_MOVE = YES;
				CLANG_WARN_UNGUARDED_AVAILABILITY = YES_AGGRESSIVE;
				CLANG_WARN_UNREACHABLE_CODE = YES;
				CLANG_WARN__DUPLICATE_METHOD_MATCH = YES;
				COPY_PHASE_STRIP = NO;
				DEBUG_INFORMATION_FORMAT = "dwarf-with-dsym";
				DEVELOPMENT_TEAM = 3G34T24X5S;
				ENABLE_NS_ASSERTIONS = NO;
				ENABLE_STRICT_OBJC_MSGSEND = YES;
				ENABLE_USER_SCRIPT_SANDBOXING = YES;
				GCC_C_LANGUAGE_STANDARD = gnu17;
				GCC_NO_COMMON_BLOCKS = YES;
				GCC_WARN_64_TO_32_BIT_CONVERSION = YES;
				GCC_WARN_ABOUT_RETURN_TYPE = YES_ERROR;
				GCC_WARN_UNDECLARED_SELECTOR = YES;
				GCC_WARN_UNINITIALIZED_AUTOS = YES_AGGRESSIVE;
				GCC_WARN_UNUSED_FUNCTION = YES;
				GCC_WARN_UNUSED_VARIABLE = YES;
				IPHONEOS_DEPLOYMENT_TARGET = 26.2;
				LOCALIZATION_PREFERS_STRING_CATALOGS = YES;
				MTL_ENABLE_DEBUG_INFO = NO;
				MTL_FAST_MATH = YES;
				SDKROOT = iphoneos;
				SWIFT_COMPILATION_MODE = wholemodule;
				VALIDATE_PRODUCT = YES;
			};
			name = Release;
		};
		A9A49D282F0189FF001D2B77 /* Debug */ = {
			isa = XCBuildConfiguration;
			buildSettings = {
				ASSETCATALOG_COMPILER_APPICON_NAME = AppIcon;
				ASSETCATALOG_COMPILER_GLOBAL_ACCENT_COLOR_NAME = AccentColor;
				CODE_SIGN_STYLE = Automatic;
				CURRENT_PROJECT_VERSION = 1;
				DEVELOPMENT_ASSET_PATHS = "Ghibli/Preview\\ Assets Ghibli/Preview\\ Assets/SampleData.json";
				DEVELOPMENT_TEAM = 3G34T24X5S;
				ENABLE_PREVIEWS = YES;
				GENERATE_INFOPLIST_FILE = YES;
				INFOPLIST_KEY_UIApplicationSceneManifest_Generation = YES;
				INFOPLIST_KEY_UIApplicationSupportsIndirectInputEvents = YES;
				INFOPLIST_KEY_UILaunchScreen_Generation = YES;
				INFOPLIST_KEY_UISupportedInterfaceOrientations_iPad = "UIInterfaceOrientationPortrait UIInterfaceOrientationPortraitUpsideDown UIInterfaceOrientationLandscapeLeft UIInterfaceOrientationLandscapeRight";
				INFOPLIST_KEY_UISupportedInterfaceOrientations_iPhone = "UIInterfaceOrientationPortrait UIInterfaceOrientationLandscapeLeft UIInterfaceOrientationLandscapeRight";
				IPHONEOS_DEPLOYMENT_TARGET = 26.0;
				LD_RUNPATH_SEARCH_PATHS = (
					"$(inherited)",
					"@executable_path/Frameworks",
				);
				MARKETING_VERSION = 1.0;
				PRODUCT_BUNDLE_IDENTIFIER = com.damjan.Ghibli;
				PRODUCT_NAME = "$(TARGET_NAME)";
				STRING_CATALOG_GENERATE_SYMBOLS = YES;
				SWIFT_APPROACHABLE_CONCURRENCY = YES;
				SWIFT_DEFAULT_ACTOR_ISOLATION = MainActor;
				SWIFT_EMIT_LOC_STRINGS = YES;
				SWIFT_STRICT_CONCURRENCY = targeted;
				SWIFT_UPCOMING_FEATURE_MEMBER_IMPORT_VISIBILITY = YES;
				SWIFT_VERSION = 6.0;
				TARGETED_DEVICE_FAMILY = "1,2";
			};
			name = Debug;
		};
		A9A49D292F0189FF001D2B77 /* Release */ = {
			isa = XCBuildConfiguration;
			buildSettings = {
				ASSETCATALOG_COMPILER_APPICON_NAME = AppIcon;
				ASSETCATALOG_COMPILER_GLOBAL_ACCENT_COLOR_NAME = AccentColor;
				CODE_SIGN_STYLE = Automatic;
				CURRENT_PROJECT_VERSION = 1;
				DEVELOPMENT_ASSET_PATHS = "Ghibli/Preview\\ Assets Ghibli/Preview\\ Assets/SampleData.json";
				DEVELOPMENT_TEAM = 3G34T24X5S;
				ENABLE_PREVIEWS = YES;
				GENERATE_INFOPLIST_FILE = YES;
				INFOPLIST_KEY_UIApplicationSceneManifest_Generation = YES;
				INFOPLIST_KEY_UIApplicationSupportsIndirectInputEvents = YES;
				INFOPLIST_KEY_UILaunchScreen_Generation = YES;
				INFOPLIST_KEY_UISupportedInterfaceOrientations_iPad = "UIInterfaceOrientationPortrait UIInterfaceOrientationPortraitUpsideDown UIInterfaceOrientationLandscapeLeft UIInterfaceOrientationLandscapeRight";
				INFOPLIST_KEY_UISupportedInterfaceOrientations_iPhone = "UIInterfaceOrientationPortrait UIInterfaceOrientationLandscapeLeft UIInterfaceOrientationLandscapeRight";
				IPHONEOS_DEPLOYMENT_TARGET = 26.0;
				LD_RUNPATH_SEARCH_PATHS = (
					"$(inherited)",
					"@executable_path/Frameworks",
				);
				MARKETING_VERSION = 1.0;
				PRODUCT_BUNDLE_IDENTIFIER = com.damjan.Ghibli;
				PRODUCT_NAME = "$(TARGET_NAME)";
				STRING_CATALOG_GENERATE_SYMBOLS = YES;
				SWIFT_APPROACHABLE_CONCURRENCY = YES;
				SWIFT_DEFAULT_ACTOR_ISOLATION = MainActor;
				SWIFT_EMIT_LOC_STRINGS = YES;
				SWIFT_STRICT_CONCURRENCY = targeted;
				SWIFT_UPCOMING_FEATURE_MEMBER_IMPORT_VISIBILITY = YES;
				SWIFT_VERSION = 6.0;
				TARGETED_DEVICE_FAMILY = "1,2";
			};
			name = Release;
		};
		A9A49D2B2F0189FF001D2B77 /* Debug */ = {
			isa = XCBuildConfiguration;
			buildSettings = {
				BUNDLE_LOADER = "$(TEST_HOST)";
				CODE_SIGN_STYLE = Automatic;
				CURRENT_PROJECT_VERSION = 1;
				DEVELOPMENT_TEAM = 3G34T24X5S;
				GENERATE_INFOPLIST_FILE = YES;
				IPHONEOS_DEPLOYMENT_TARGET = 26.2;
				MARKETING_VERSION = 1.0;
				PRODUCT_BUNDLE_IDENTIFIER = com.damjan.GhibliTests;
				PRODUCT_NAME = "$(TARGET_NAME)";
				STRING_CATALOG_GENERATE_SYMBOLS = NO;
				SWIFT_APPROACHABLE_CONCURRENCY = YES;
				SWIFT_EMIT_LOC_STRINGS = NO;
				SWIFT_UPCOMING_FEATURE_MEMBER_IMPORT_VISIBILITY = YES;
				SWIFT_VERSION = 5.0;
				TARGETED_DEVICE_FAMILY = "1,2";
				TEST_HOST = "$(BUILT_PRODUCTS_DIR)/Ghibli.app/$(BUNDLE_EXECUTABLE_FOLDER_PATH)/Ghibli";
			};
			name = Debug;
		};
		A9A49D2C2F0189FF001D2B77 /* Release */ = {
			isa = XCBuildConfiguration;
			buildSettings = {
				BUNDLE_LOADER = "$(TEST_HOST)";
				CODE_SIGN_STYLE = Automatic;
				CURRENT_PROJECT_VERSION = 1;
				DEVELOPMENT_TEAM = 3G34T24X5S;
				GENERATE_INFOPLIST_FILE = YES;
				IPHONEOS_DEPLOYMENT_TARGET = 26.2;
				MARKETING_VERSION = 1.0;
				PRODUCT_BUNDLE_IDENTIFIER = com.damjan.GhibliTests;
				PRODUCT_NAME = "$(TARGET_NAME)";
				STRING_CATALOG_GENERATE_SYMBOLS = NO;
				SWIFT_APPROACHABLE_CONCURRENCY = YES;
				SWIFT_EMIT_LOC_STRINGS = NO;
				SWIFT_UPCOMING_FEATURE_MEMBER_IMPORT_VISIBILITY = YES;
				SWIFT_VERSION = 5.0;
				TARGETED_DEVICE_FAMILY = "1,2";
				TEST_HOST = "$(BUILT_PRODUCTS_DIR)/Ghibli.app/$(BUNDLE_EXECUTABLE_FOLDER_PATH)/Ghibli";
			};
			name = Release;
		};
		A9A49D2E2F0189FF001D2B77 /* Debug */ = {
			isa = XCBuildConfiguration;
			buildSettings = {
				CODE_SIGN_STYLE = Automatic;
				CURRENT_PROJECT_VERSION = 1;
				DEVELOPMENT_TEAM = 3G34T24X5S;
				GENERATE_INFOPLIST_FILE = YES;
				MARKETING_VERSION = 1.0;
				PRODUCT_BUNDLE_IDENTIFIER = com.damjan.GhibliUITests;
				PRODUCT_NAME = "$(TARGET_NAME)";
				STRING_CATALOG_GENERATE_SYMBOLS = NO;
				SWIFT_APPROACHABLE_CONCURRENCY = YES;
				SWIFT_EMIT_LOC_STRINGS = NO;
				SWIFT_UPCOMING_FEATURE_MEMBER_IMPORT_VISIBILITY = YES;
				SWIFT_VERSION = 5.0;
				TARGETED_DEVICE_FAMILY = "1,2";
				TEST_TARGET_NAME = Ghibli;
			};
			name = Debug;
		};
		A9A49D2F2F0189FF001D2B77 /* Release */ = {
			isa = XCBuildConfiguration;
			buildSettings = {
				CODE_SIGN_STYLE = Automatic;
				CURRENT_PROJECT_VERSION = 1;
				DEVELOPMENT_TEAM = 3G34T24X5S;
				GENERATE_INFOPLIST_FILE = YES;
				MARKETING_VERSION = 1.0;
				PRODUCT_BUNDLE_IDENTIFIER = com.damjan.GhibliUITests;
				PRODUCT_NAME = "$(TARGET_NAME)";
				STRING_CATALOG_GENERATE_SYMBOLS = NO;
				SWIFT_APPROACHABLE_CONCURRENCY = YES;
				SWIFT_EMIT_LOC_STRINGS = NO;
				SWIFT_UPCOMING_FEATURE_MEMBER_IMPORT_VISIBILITY = YES;
				SWIFT_VERSION = 5.0;
				TARGETED_DEVICE_FAMILY = "1,2";
				TEST_TARGET_NAME = Ghibli;
			};
			name = Release;
		};
/* End XCBuildConfiguration section */

/* Begin XCConfigurationList section */
		A9A49D012F0189FE001D2B77 /* Build configuration list for PBXProject "Ghibli" */ = {
			isa = XCConfigurationList;
			buildConfigurations = (
				A9A49D252F0189FF001D2B77 /* Debug */,
				A9A49D262F0189FF001D2B77 /* Release */,
			);
			defaultConfigurationIsVisible = 0;
			defaultConfigurationName = Release;
		};
		A9A49D272F0189FF001D2B77 /* Build configuration list for PBXNativeTarget "Ghibli" */ = {
			isa = XCConfigurationList;
			buildConfigurations = (
				A9A49D282F0189FF001D2B77 /* Debug */,
				A9A49D292F0189FF001D2B77 /* Release */,
			);
			defaultConfigurationIsVisible = 0;
			defaultConfigurationName = Release;
		};
		A9A49D2A2F0189FF001D2B77 /* Build configuration list for PBXNativeTarget "GhibliTests" */ = {
			isa = XCConfigurationList;
			buildConfigurations = (
				A9A49D2B2F0189FF001D2B77 /* Debug */,
				A9A49D2C2F0189FF001D2B77 /* Release */,
			);
			defaultConfigurationIsVisible = 0;
			defaultConfigurationName = Release;
		};
		A9A49D2D2F0189FF001D2B77 /* Build configuration list for PBXNativeTarget "GhibliUITests" */ = {
			isa = XCConfigurationList;
			buildConfigurations = (
				A9A49D2E2F0189FF001D2B77 /* Debug */,
				A9A49D2F2F0189FF001D2B77 /* Release */,
			);
			defaultConfigurationIsVisible = 0;
			defaultConfigurationName = Release;
		};
/* End XCConfigurationList section */
	};
	rootObject = A9A49CFE2F0189FE001D2B77 /* Project object */;
}
